
Microsoft Visual Studio Solution File, Format Version 12.00
# Visual Studio Version 16
VisualStudioVersion = 16.0.29519.87
MinimumVisualStudioVersion = 10.0.40219.1
Project("{FAE04EC0-301F-11D3-BF4B-00C04F79EFBC}") = "Scrabble", "Scrabble\Scrabble.csproj", "{50E2179A-4DE9-4BC0-9496-E5387BD0ED20}"
EndProject
Global
	GlobalSection(SolutionConfigurationPlatforms) = preSolution
		Debug|Any CPU = Debug|Any CPU
		Release|Any CPU = Release|Any CPU
	EndGlobalSection
	GlobalSection(ProjectConfigurationPlatforms) = postSolution
		{50E2179A-4DE9-4BC0-9496-E5387BD0ED20}.Debug|Any CPU.ActiveCfg = Debug|Any CPU
		{50E2179A-4DE9-4BC0-9496-E5387BD0ED20}.Debug|Any CPU.Build.0 = Debug|Any CPU
		{50E2179A-4DE9-4BC0-9496-E5387BD0ED20}.Release|Any CPU.ActiveCfg = Release|Any CPU
		{50E2179A-4DE9-4BC0-9496-E5387BD0ED20}.Release|Any CPU.Build.0 = Release|Any CPU
	EndGlobalSection
	GlobalSection(SolutionProperties) = preSolution
		HideSolutionNode = FALSE
	EndGlobalSection
	GlobalSection(ExtensibilityGlobals) = postSolution
		SolutionGuid = {D5A4308E-BC8E-4FB7-B68C-E0A849C7A885}
	EndGlobalSection
EndGlobal
